
Microsoft Visual Studio Solution File, Format Version 12.00
# Visual Studio Version 17
VisualStudioVersion = 17.5.33530.505
MinimumVisualStudioVersion = 10.0.40219.1
Project("{FAE04EC0-301F-11D3-BF4B-00C04F79EFBC}") = "SpecFlowExample", "SpecFlowExample\SpecFlowExample.csproj", "{4C516CA2-4C20-4253-A3B6-4BC025F97781}"
EndProject
Global
	GlobalSection(SolutionConfigurationPlatforms) = preSolution
		Debug|Any CPU = Debug|Any CPU
		Release|Any CPU = Release|Any CPU
	EndGlobalSection
	GlobalSection(ProjectConfigurationPlatforms) = postSolution
		{4C516CA2-4C20-4253-A3B6-4BC025F97781}.Debug|Any CPU.ActiveCfg = Debug|Any CPU
		{4C516CA2-4C20-4253-A3B6-4BC025F97781}.Debug|Any CPU.Build.0 = Debug|Any CPU
		{4C516CA2-4C20-4253-A3B6-4BC025F97781}.Release|Any CPU.ActiveCfg = Release|Any CPU
		{4C516CA2-4C20-4253-A3B6-4BC025F97781}.Release|Any CPU.Build.0 = Release|Any CPU
	EndGlobalSection
	GlobalSection(SolutionProperties) = preSolution
		HideSolutionNode = FALSE
	EndGlobalSection
	GlobalSection(ExtensibilityGlobals) = postSolution
		SolutionGuid = {FA347B69-E8C0-44E8-84C7-9F7F9AA182B7}
	EndGlobalSection
EndGlobal
